// !$*UTF8*$!
{
	archiveVersion = 1;
	classes = {
	};
	objectVersion = 55;
	objects = {

/* Begin PBXBuildFile section */
		04E4474D27B31AA4002EDFEB /* AppDelegate.swift in Sources */ = {isa = PBXBuildFile; fileRef = 04E4474C27B31AA4002EDFEB /* AppDelegate.swift */; };
		04E4474F27B31AA4002EDFEB /* SceneDelegate.swift in Sources */ = {isa = PBXBuildFile; fileRef = 04E4474E27B31AA4002EDFEB /* SceneDelegate.swift */; };
		04E4475127B31AA4002EDFEB /* ViewController.swift in Sources */ = {isa = PBXBuildFile; fileRef = 04E4475027B31AA4002EDFEB /* ViewController.swift */; };
		04E4475427B31AA4002EDFEB /* Main.storyboard in Resources */ = {isa = PBXBuildFile; fileRef = 04E4475227B31AA4002EDFEB /* Main.storyboard */; };
		04E4475627B31AA9002EDFEB /* Assets.xcassets in Resources */ = {isa = PBXBuildFile; fileRef = 04E4475527B31AA9002EDFEB /* Assets.xcassets */; };
		04E4475927B31AA9002EDFEB /* LaunchScreen.storyboard in Resources */ = {isa = PBXBuildFile; fileRef = 04E4475727B31AA9002EDFEB /* LaunchScreen.storyboard */; };
		04E4476427B31AAA002EDFEB /* FlixTests.swift in Sources */ = {isa = PBXBuildFile; fileRef = 04E4476327B31AAA002EDFEB /* FlixTests.swift */; };
		04E4476E27B31AAA002EDFEB /* FlixUITests.swift in Sources */ = {isa = PBXBuildFile; fileRef = 04E4476D27B31AAA002EDFEB /* FlixUITests.swift */; };
		04E4477027B31AAA002EDFEB /* FlixUITestsLaunchTests.swift in Sources */ = {isa = PBXBuildFile; fileRef = 04E4476F27B31AAA002EDFEB /* FlixUITestsLaunchTests.swift */; };
		04E4477D27B31CF7002EDFEB /* MoviesViewController.swift in Sources */ = {isa = PBXBuildFile; fileRef = 04E4477C27B31CF7002EDFEB /* MoviesViewController.swift */; };
		04E4478127B31F41002EDFEB /* MovieCell.swift in Sources */ = {isa = PBXBuildFile; fileRef = 04E4478027B31F41002EDFEB /* MovieCell.swift */; };
		04FF392727C0446D00A54B0C /* MovieDetailsViewController.swift in Sources */ = {isa = PBXBuildFile; fileRef = 04FF392627C0446D00A54B0C /* MovieDetailsViewController.swift */; };
		04FF392927C04E6D00A54B0C /* MovieGridViewController.swift in Sources */ = {isa = PBXBuildFile; fileRef = 04FF392827C04E6D00A54B0C /* MovieGridViewController.swift */; };
		04FF392B27C05BB300A54B0C /* MovieGridCell.swift in Sources */ = {isa = PBXBuildFile; fileRef = 04FF392A27C05BB300A54B0C /* MovieGridCell.swift */; };
		04FF392D27C0656000A54B0C /* SuperheroDetailsViewController.swift in Sources */ = {isa = PBXBuildFile; fileRef = 04FF392C27C0656000A54B0C /* SuperheroDetailsViewController.swift */; };
		4CDE940C3B78A04545081117 /* Pods_Flix_FlixUITests.framework in Frameworks */ = {isa = PBXBuildFile; fileRef = 6470423C265B6B5E8AB112CF /* Pods_Flix_FlixUITests.framework */; };
		B683C329E0268FA1433674F5 /* Pods_Flix.framework in Frameworks */ = {isa = PBXBuildFile; fileRef = 1EEB4D899562DB76C6FA78BC /* Pods_Flix.framework */; };
		EF08B8CF8337E5928208AB76 /* Pods_FlixTests.framework in Frameworks */ = {isa = PBXBuildFile; fileRef = 44B4B1BBCA2DEF812C2779BE /* Pods_FlixTests.framework */; };
/* End PBXBuildFile section */

/* Begin PBXContainerItemProxy section */
		04E4476027B31AAA002EDFEB /* PBXContainerItemProxy */ = {
			isa = PBXContainerItemProxy;
			containerPortal = 04E4474127B31AA3002EDFEB /* Project object */;
			proxyType = 1;
			remoteGlobalIDString = 04E4474827B31AA3002EDFEB;
			remoteInfo = Flix;
		};
		04E4476A27B31AAA002EDFEB /* PBXContainerItemProxy */ = {
			isa = PBXContainerItemProxy;
			containerPortal = 04E4474127B31AA3002EDFEB /* Project object */;
			proxyType = 1;
			remoteGlobalIDString = 04E4474827B31AA3002EDFEB;
			remoteInfo = Flix;
		};
/* End PBXContainerItemProxy section */

/* Begin PBXFileReference section */
		04E4474927B31AA3002EDFEB /* Flix.app */ = {isa = PBXFileReference; explicitFileType = wrapper.application; includeInIndex = 0; path = Flix.app; sourceTree = BUILT_PRODUCTS_DIR; };
		04E4474C27B31AA4002EDFEB /* AppDelegate.swift */ = {isa = PBXFileReference; lastKnownFileType = sourcecode.swift; path = AppDelegate.swift; sourceTree = "<group>"; };
		04E4474E27B31AA4002EDFEB /* SceneDelegate.swift */ = {isa = PBXFileReference; lastKnownFileType = sourcecode.swift; path = SceneDelegate.swift; sourceTree = "<group>"; };
		04E4475027B31AA4002EDFEB /* ViewController.swift */ = {isa = PBXFileReference; lastKnownFileType = sourcecode.swift; path = ViewController.swift; sourceTree = "<group>"; };
		04E4475327B31AA4002EDFEB /* Base */ = {isa = PBXFileReference; lastKnownFileType = file.storyboard; name = Base; path = Base.lproj/Main.storyboard; sourceTree = "<group>"; };
		04E4475527B31AA9002EDFEB /* Assets.xcassets */ = {isa = PBXFileReference; lastKnownFileType = folder.assetcatalog; path = Assets.xcassets; sourceTree = "<group>"; };
		04E4475827B31AA9002EDFEB /* Base */ = {isa = PBXFileReference; lastKnownFileType = file.storyboard; name = Base; path = Base.lproj/LaunchScreen.storyboard; sourceTree = "<group>"; };
		04E4475A27B31AA9002EDFEB /* Info.plist */ = {isa = PBXFileReference; lastKnownFileType = text.plist.xml; path = Info.plist; sourceTree = "<group>"; };
		04E4475F27B31AAA002EDFEB /* FlixTests.xctest */ = {isa = PBXFileReference; explicitFileType = wrapper.cfbundle; includeInIndex = 0; path = FlixTests.xctest; sourceTree = BUILT_PRODUCTS_DIR; };
		04E4476327B31AAA002EDFEB /* FlixTests.swift */ = {isa = PBXFileReference; lastKnownFileType = sourcecode.swift; path = FlixTests.swift; sourceTree = "<group>"; };
		04E4476927B31AAA002EDFEB /* FlixUITests.xctest */ = {isa = PBXFileReference; explicitFileType = wrapper.cfbundle; includeInIndex = 0; path = FlixUITests.xctest; sourceTree = BUILT_PRODUCTS_DIR; };
		04E4476D27B31AAA002EDFEB /* FlixUITests.swift */ = {isa = PBXFileReference; lastKnownFileType = sourcecode.swift; path = FlixUITests.swift; sourceTree = "<group>"; };
		04E4476F27B31AAA002EDFEB /* FlixUITestsLaunchTests.swift */ = {isa = PBXFileReference; lastKnownFileType = sourcecode.swift; path = FlixUITestsLaunchTests.swift; sourceTree = "<group>"; };
		04E4477C27B31CF7002EDFEB /* MoviesViewController.swift */ = {isa = PBXFileReference; lastKnownFileType = sourcecode.swift; path = MoviesViewController.swift; sourceTree = "<group>"; };
		04E4478027B31F41002EDFEB /* MovieCell.swift */ = {isa = PBXFileReference; lastKnownFileType = sourcecode.swift; path = MovieCell.swift; sourceTree = "<group>"; };
		04FF392627C0446D00A54B0C /* MovieDetailsViewController.swift */ = {isa = PBXFileReference; lastKnownFileType = sourcecode.swift; path = MovieDetailsViewController.swift; sourceTree = "<group>"; };
		04FF392827C04E6D00A54B0C /* MovieGridViewController.swift */ = {isa = PBXFileReference; lastKnownFileType = sourcecode.swift; path = MovieGridViewController.swift; sourceTree = "<group>"; };
		04FF392A27C05BB300A54B0C /* MovieGridCell.swift */ = {isa = PBXFileReference; lastKnownFileType = sourcecode.swift; path = MovieGridCell.swift; sourceTree = "<group>"; };
		04FF392C27C0656000A54B0C /* SuperheroDetailsViewController.swift */ = {isa = PBXFileReference; lastKnownFileType = sourcecode.swift; path = SuperheroDetailsViewController.swift; sourceTree = "<group>"; };
		1AB87FEF787833190606DAAF /* Pods-Flix-FlixUITests.debug.xcconfig */ = {isa = PBXFileReference; includeInIndex = 1; lastKnownFileType = text.xcconfig; name = "Pods-Flix-FlixUITests.debug.xcconfig"; path = "Target Support Files/Pods-Flix-FlixUITests/Pods-Flix-FlixUITests.debug.xcconfig"; sourceTree = "<group>"; };
		1EEB4D899562DB76C6FA78BC /* Pods_Flix.framework */ = {isa = PBXFileReference; explicitFileType = wrapper.framework; includeInIndex = 0; path = Pods_Flix.framework; sourceTree = BUILT_PRODUCTS_DIR; };
		23EADD560646E9DF6923F226 /* Pods-FlixTests.release.xcconfig */ = {isa = PBXFileReference; includeInIndex = 1; lastKnownFileType = text.xcconfig; name = "Pods-FlixTests.release.xcconfig"; path = "Target Support Files/Pods-FlixTests/Pods-FlixTests.release.xcconfig"; sourceTree = "<group>"; };
		44B4B1BBCA2DEF812C2779BE /* Pods_FlixTests.framework */ = {isa = PBXFileReference; explicitFileType = wrapper.framework; includeInIndex = 0; path = Pods_FlixTests.framework; sourceTree = BUILT_PRODUCTS_DIR; };
		50BE610949571BCF7069A30F /* Pods-FlixTests.debug.xcconfig */ = {isa = PBXFileReference; includeInIndex = 1; lastKnownFileType = text.xcconfig; name = "Pods-FlixTests.debug.xcconfig"; path = "Target Support Files/Pods-FlixTests/Pods-FlixTests.debug.xcconfig"; sourceTree = "<group>"; };
		6470423C265B6B5E8AB112CF /* Pods_Flix_FlixUITests.framework */ = {isa = PBXFileReference; explicitFileType = wrapper.framework; includeInIndex = 0; path = Pods_Flix_FlixUITests.framework; sourceTree = BUILT_PRODUCTS_DIR; };
		710D9440BF80913C3BF2CF78 /* Pods-Flix-FlixUITests.release.xcconfig */ = {isa = PBXFileReference; includeInIndex = 1; lastKnownFileType = text.xcconfig; name = "Pods-Flix-FlixUITests.release.xcconfig"; path = "Target Support Files/Pods-Flix-FlixUITests/Pods-Flix-FlixUITests.release.xcconfig"; sourceTree = "<group>"; };
		A2CDDF72EC608FAB9690F19D /* Pods-Flix.release.xcconfig */ = {isa = PBXFileReference; includeInIndex = 1; lastKnownFileType = text.xcconfig; name = "Pods-Flix.release.xcconfig"; path = "Target Support Files/Pods-Flix/Pods-Flix.release.xcconfig"; sourceTree = "<group>"; };
		B95117B6F0B4CCB1BF16FEED /* Pods-Flix.debug.xcconfig */ = {isa = PBXFileReference; includeInIndex = 1; lastKnownFileType = text.xcconfig; name = "Pods-Flix.debug.xcconfig"; path = "Target Support Files/Pods-Flix/Pods-Flix.debug.xcconfig"; sourceTree = "<group>"; };
/* End PBXFileReference section */

/* Begin PBXFrameworksBuildPhase section */
		04E4474627B31AA3002EDFEB /* Frameworks */ = {
			isa = PBXFrameworksBuildPhase;
			buildActionMask = 2147483647;
			files = (
				B683C329E0268FA1433674F5 /* Pods_Flix.framework in Frameworks */,
			);
			runOnlyForDeploymentPostprocessing = 0;
		};
		04E4475C27B31AAA002EDFEB /* Frameworks */ = {
			isa = PBXFrameworksBuildPhase;
			buildActionMask = 2147483647;
			files = (
				EF08B8CF8337E5928208AB76 /* Pods_FlixTests.framework in Frameworks */,
			);
			runOnlyForDeploymentPostprocessing = 0;
		};
		04E4476627B31AAA002EDFEB /* Frameworks */ = {
			isa = PBXFrameworksBuildPhase;
			buildActionMask = 2147483647;
			files = (
				4CDE940C3B78A04545081117 /* Pods_Flix_FlixUITests.framework in Frameworks */,
			);
			runOnlyForDeploymentPostprocessing = 0;
		};
/* End PBXFrameworksBuildPhase section */

/* Begin PBXGroup section */
		04E4474027B31AA3002EDFEB = {
			isa = PBXGroup;
			children = (
				04E4474B27B31AA4002EDFEB /* Flix */,
				04E4476227B31AAA002EDFEB /* FlixTests */,
				04E4476C27B31AAA002EDFEB /* FlixUITests */,
				04E4474A27B31AA3002EDFEB /* Products */,
				96C9678D861DDD8FBC1657BA /* Pods */,
				E08097C84E5E79725A2BA55E /* Frameworks */,
			);
			sourceTree = "<group>";
		};
		04E4474A27B31AA3002EDFEB /* Products */ = {
			isa = PBXGroup;
			children = (
				04E4474927B31AA3002EDFEB /* Flix.app */,
				04E4475F27B31AAA002EDFEB /* FlixTests.xctest */,
				04E4476927B31AAA002EDFEB /* FlixUITests.xctest */,
			);
			name = Products;
			sourceTree = "<group>";
		};
		04E4474B27B31AA4002EDFEB /* Flix */ = {
			isa = PBXGroup;
			children = (
				04E4474C27B31AA4002EDFEB /* AppDelegate.swift */,
				04E4474E27B31AA4002EDFEB /* SceneDelegate.swift */,
				04E4475027B31AA4002EDFEB /* ViewController.swift */,
				04E4475227B31AA4002EDFEB /* Main.storyboard */,
				04FF392C27C0656000A54B0C /* SuperheroDetailsViewController.swift */,
				04FF392A27C05BB300A54B0C /* MovieGridCell.swift */,
				04FF392827C04E6D00A54B0C /* MovieGridViewController.swift */,
				04FF392627C0446D00A54B0C /* MovieDetailsViewController.swift */,
				04E4477C27B31CF7002EDFEB /* MoviesViewController.swift */,
				04E4478027B31F41002EDFEB /* MovieCell.swift */,
				04E4475527B31AA9002EDFEB /* Assets.xcassets */,
				04E4475727B31AA9002EDFEB /* LaunchScreen.storyboard */,
				04E4475A27B31AA9002EDFEB /* Info.plist */,
			);
			path = Flix;
			sourceTree = "<group>";
		};
		04E4476227B31AAA002EDFEB /* FlixTests */ = {
			isa = PBXGroup;
			children = (
				04E4476327B31AAA002EDFEB /* FlixTests.swift */,
			);
			path = FlixTests;
			sourceTree = "<group>";
		};
		04E4476C27B31AAA002EDFEB /* FlixUITests */ = {
			isa = PBXGroup;
			children = (
				04E4476D27B31AAA002EDFEB /* FlixUITests.swift */,
				04E4476F27B31AAA002EDFEB /* FlixUITestsLaunchTests.swift */,
			);
			path = FlixUITests;
			sourceTree = "<group>";
		};
		96C9678D861DDD8FBC1657BA /* Pods */ = {
			isa = PBXGroup;
			children = (
				B95117B6F0B4CCB1BF16FEED /* Pods-Flix.debug.xcconfig */,
				A2CDDF72EC608FAB9690F19D /* Pods-Flix.release.xcconfig */,
				1AB87FEF787833190606DAAF /* Pods-Flix-FlixUITests.debug.xcconfig */,
				710D9440BF80913C3BF2CF78 /* Pods-Flix-FlixUITests.release.xcconfig */,
				50BE610949571BCF7069A30F /* Pods-FlixTests.debug.xcconfig */,
				23EADD560646E9DF6923F226 /* Pods-FlixTests.release.xcconfig */,
			);
			path = Pods;
			sourceTree = "<group>";
		};
		E08097C84E5E79725A2BA55E /* Frameworks */ = {
			isa = PBXGroup;
			children = (
				1EEB4D899562DB76C6FA78BC /* Pods_Flix.framework */,
				6470423C265B6B5E8AB112CF /* Pods_Flix_FlixUITests.framework */,
				44B4B1BBCA2DEF812C2779BE /* Pods_FlixTests.framework */,
			);
			name = Frameworks;
			sourceTree = "<group>";
		};
/* End PBXGroup section */

/* Begin PBXNativeTarget section */
		04E4474827B31AA3002EDFEB /* Flix */ = {
			isa = PBXNativeTarget;
			buildConfigurationList = 04E4477327B31AAA002EDFEB /* Build configuration list for PBXNativeTarget "Flix" */;
			buildPhases = (
				D1744B1209B7AA16FA2C475D /* [CP] Check Pods Manifest.lock */,
				04E4474527B31AA3002EDFEB /* Sources */,
				04E4474627B31AA3002EDFEB /* Frameworks */,
				04E4474727B31AA3002EDFEB /* Resources */,
				40A1C7F8E19D1807F97471F1 /* [CP] Embed Pods Frameworks */,
			);
			buildRules = (
			);
			dependencies = (
			);
			name = Flix;
			productName = Flix;
			productReference = 04E4474927B31AA3002EDFEB /* Flix.app */;
			productType = "com.apple.product-type.application";
		};
		04E4475E27B31AAA002EDFEB /* FlixTests */ = {
			isa = PBXNativeTarget;
			buildConfigurationList = 04E4477627B31AAA002EDFEB /* Build configuration list for PBXNativeTarget "FlixTests" */;
			buildPhases = (
				505ACE5B107FCFC55D806033 /* [CP] Check Pods Manifest.lock */,
				04E4475B27B31AAA002EDFEB /* Sources */,
				04E4475C27B31AAA002EDFEB /* Frameworks */,
				04E4475D27B31AAA002EDFEB /* Resources */,
			);
			buildRules = (
			);
			dependencies = (
				04E4476127B31AAA002EDFEB /* PBXTargetDependency */,
			);
			name = FlixTests;
			productName = FlixTests;
			productReference = 04E4475F27B31AAA002EDFEB /* FlixTests.xctest */;
			productType = "com.apple.product-type.bundle.unit-test";
		};
		04E4476827B31AAA002EDFEB /* FlixUITests */ = {
			isa = PBXNativeTarget;
			buildConfigurationList = 04E4477927B31AAA002EDFEB /* Build configuration list for PBXNativeTarget "FlixUITests" */;
			buildPhases = (
				6318194559962825BBB60EEB /* [CP] Check Pods Manifest.lock */,
				04E4476527B31AAA002EDFEB /* Sources */,
				04E4476627B31AAA002EDFEB /* Frameworks */,
				04E4476727B31AAA002EDFEB /* Resources */,
				DB05A7EDE417F111C2D6D522 /* [CP] Embed Pods Frameworks */,
			);
			buildRules = (
			);
			dependencies = (
				04E4476B27B31AAA002EDFEB /* PBXTargetDependency */,
			);
			name = FlixUITests;
			productName = FlixUITests;
			productReference = 04E4476927B31AAA002EDFEB /* FlixUITests.xctest */;
			productType = "com.apple.product-type.bundle.ui-testing";
		};
/* End PBXNativeTarget section */

/* Begin PBXProject section */
		04E4474127B31AA3002EDFEB /* Project object */ = {
			isa = PBXProject;
			attributes = {
				BuildIndependentTargetsInParallel = 1;
				LastSwiftUpdateCheck = 1320;
				LastUpgradeCheck = 1320;
				TargetAttributes = {
					04E4474827B31AA3002EDFEB = {
						CreatedOnToolsVersion = 13.2.1;
					};
					04E4475E27B31AAA002EDFEB = {
						CreatedOnToolsVersion = 13.2.1;
						TestTargetID = 04E4474827B31AA3002EDFEB;
					};
					04E4476827B31AAA002EDFEB = {
						CreatedOnToolsVersion = 13.2.1;
						TestTargetID = 04E4474827B31AA3002EDFEB;
					};
				};
			};
			buildConfigurationList = 04E4474427B31AA3002EDFEB /* Build configuration list for PBXProject "Flix" */;
			compatibilityVersion = "Xcode 13.0";
			developmentRegion = en;
			hasScannedForEncodings = 0;
			knownRegions = (
				en,
				Base,
			);
			mainGroup = 04E4474027B31AA3002EDFEB;
			productRefGroup = 04E4474A27B31AA3002EDFEB /* Products */;
			projectDirPath = "";
			projectRoot = "";
			targets = (
				04E4474827B31AA3002EDFEB /* Flix */,
				04E4475E27B31AAA002EDFEB /* FlixTests */,
				04E4476827B31AAA002EDFEB /* FlixUITests */,
			);
		};
/* End PBXProject section */

/* Begin PBXResourcesBuildPhase section */
		04E4474727B31AA3002EDFEB /* Resources */ = {
			isa = PBXResourcesBuildPhase;
			buildActionMask = 2147483647;
			files = (
				04E4475927B31AA9002EDFEB /* LaunchScreen.storyboard in Resources */,
				04E4475627B31AA9002EDFEB /* Assets.xcassets in Resources */,
				04E4475427B31AA4002EDFEB /* Main.storyboard in Resources */,
			);
			runOnlyForDeploymentPostprocessing = 0;
		};
		04E4475D27B31AAA002EDFEB /* Resources */ = {
			isa = PBXResourcesBuildPhase;
			buildActionMask = 2147483647;
			files = (
			);
			runOnlyForDeploymentPostprocessing = 0;
		};
		04E4476727B31AAA002EDFEB /* Resources */ = {
			isa = PBXResourcesBuildPhase;
			buildActionMask = 2147483647;
			files = (
			);
			runOnlyForDeploymentPostprocessing = 0;
		};
/* End PBXResourcesBuildPhase section */

/* Begin PBXShellScriptBuildPhase section */
		40A1C7F8E19D1807F97471F1 /* [CP] Embed Pods Frameworks */ = {
			isa = PBXShellScriptBuildPhase;
			buildActionMask = 2147483647;
			files = (
			);
			inputFileListPaths = (
				"${PODS_ROOT}/Target Support Files/Pods-Flix/Pods-Flix-frameworks-${CONFIGURATION}-input-files.xcfilelist",
			);
			name = "[CP] Embed Pods Frameworks";
			outputFileListPaths = (
				"${PODS_ROOT}/Target Support Files/Pods-Flix/Pods-Flix-frameworks-${CONFIGURATION}-output-files.xcfilelist",
			);
			runOnlyForDeploymentPostprocessing = 0;
			shellPath = /bin/sh;
			shellScript = "\"${PODS_ROOT}/Target Support Files/Pods-Flix/Pods-Flix-frameworks.sh\"\n";
			showEnvVarsInLog = 0;
		};
		505ACE5B107FCFC55D806033 /* [CP] Check Pods Manifest.lock */ = {
			isa = PBXShellScriptBuildPhase;
			buildActionMask = 2147483647;
			files = (
			);
			inputFileListPaths = (
			);
			inputPaths = (
				"${PODS_PODFILE_DIR_PATH}/Podfile.lock",
				"${PODS_ROOT}/Manifest.lock",
			);
			name = "[CP] Check Pods Manifest.lock";
			outputFileListPaths = (
			);
			outputPaths = (
				"$(DERIVED_FILE_DIR)/Pods-FlixTests-checkManifestLockResult.txt",
			);
			runOnlyForDeploymentPostprocessing = 0;
			shellPath = /bin/sh;
			shellScript = "diff \"${PODS_PODFILE_DIR_PATH}/Podfile.lock\" \"${PODS_ROOT}/Manifest.lock\" > /dev/null\nif [ $? != 0 ] ; then\n    # print error to STDERR\n    echo \"error: The sandbox is not in sync with the Podfile.lock. Run 'pod install' or update your CocoaPods installation.\" >&2\n    exit 1\nfi\n# This output is used by Xcode 'outputs' to avoid re-running this script phase.\necho \"SUCCESS\" > \"${SCRIPT_OUTPUT_FILE_0}\"\n";
			showEnvVarsInLog = 0;
		};
		6318194559962825BBB60EEB /* [CP] Check Pods Manifest.lock */ = {
			isa = PBXShellScriptBuildPhase;
			buildActionMask = 2147483647;
			files = (
			);
			inputFileListPaths = (
			);
			inputPaths = (
				"${PODS_PODFILE_DIR_PATH}/Podfile.lock",
				"${PODS_ROOT}/Manifest.lock",
			);
			name = "[CP] Check Pods Manifest.lock";
			outputFileListPaths = (
			);
			outputPaths = (
				"$(DERIVED_FILE_DIR)/Pods-Flix-FlixUITests-checkManifestLockResult.txt",
			);
			runOnlyForDeploymentPostprocessing = 0;
			shellPath = /bin/sh;
			shellScript = "diff \"${PODS_PODFILE_DIR_PATH}/Podfile.lock\" \"${PODS_ROOT}/Manifest.lock\" > /dev/null\nif [ $? != 0 ] ; then\n    # print error to STDERR\n    echo \"error: The sandbox is not in sync with the Podfile.lock. Run 'pod install' or update your CocoaPods installation.\" >&2\n    exit 1\nfi\n# This output is used by Xcode 'outputs' to avoid re-running this script phase.\necho \"SUCCESS\" > \"${SCRIPT_OUTPUT_FILE_0}\"\n";
			showEnvVarsInLog = 0;
		};
		D1744B1209B7AA16FA2C475D /* [CP] Check Pods Manifest.lock */ = {
			isa = PBXShellScriptBuildPhase;
			buildActionMask = 2147483647;
			files = (
			);
			inputFileListPaths = (
			);
			inputPaths = (
				"${PODS_PODFILE_DIR_PATH}/Podfile.lock",
				"${PODS_ROOT}/Manifest.lock",
			);
			name = "[CP] Check Pods Manifest.lock";
			outputFileListPaths = (
			);
			outputPaths = (
				"$(DERIVED_FILE_DIR)/Pods-Flix-checkManifestLockResult.txt",
			);
			runOnlyForDeploymentPostprocessing = 0;
			shellPath = /bin/sh;
			shellScript = "diff \"${PODS_PODFILE_DIR_PATH}/Podfile.lock\" \"${PODS_ROOT}/Manifest.lock\" > /dev/null\nif [ $? != 0 ] ; then\n    # print error to STDERR\n    echo \"error: The sandbox is not in sync with the Podfile.lock. Run 'pod install' or update your CocoaPods installation.\" >&2\n    exit 1\nfi\n# This output is used by Xcode 'outputs' to avoid re-running this script phase.\necho \"SUCCESS\" > \"${SCRIPT_OUTPUT_FILE_0}\"\n";
			showEnvVarsInLog = 0;
		};
		DB05A7EDE417F111C2D6D522 /* [CP] Embed Pods Frameworks */ = {
			isa = PBXShellScriptBuildPhase;
			buildActionMask = 2147483647;
			files = (
			);
			inputFileListPaths = (
				"${PODS_ROOT}/Target Support Files/Pods-Flix-FlixUITests/Pods-Flix-FlixUITests-frameworks-${CONFIGURATION}-input-files.xcfilelist",
			);
			name = "[CP] Embed Pods Frameworks";
			outputFileListPaths = (
				"${PODS_ROOT}/Target Support Files/Pods-Flix-FlixUITests/Pods-Flix-FlixUITests-frameworks-${CONFIGURATION}-output-files.xcfilelist",
			);
			runOnlyForDeploymentPostprocessing = 0;
			shellPath = /bin/sh;
			shellScript = "\"${PODS_ROOT}/Target Support Files/Pods-Flix-FlixUITests/Pods-Flix-FlixUITests-frameworks.sh\"\n";
			showEnvVarsInLog = 0;
		};
/* End PBXShellScriptBuildPhase section */

/* Begin PBXSourcesBuildPhase section */
		04E4474527B31AA3002EDFEB /* Sources */ = {
			isa = PBXSourcesBuildPhase;
			buildActionMask = 2147483647;
			files = (
				04E4475127B31AA4002EDFEB /* ViewController.swift in Sources */,
				04E4474D27B31AA4002EDFEB /* AppDelegate.swift in Sources */,
				04FF392727C0446D00A54B0C /* MovieDetailsViewController.swift in Sources */,
				04FF392927C04E6D00A54B0C /* MovieGridViewController.swift in Sources */,
				04FF392D27C0656000A54B0C /* SuperheroDetailsViewController.swift in Sources */,
				04FF392B27C05BB300A54B0C /* MovieGridCell.swift in Sources */,
				04E4474F27B31AA4002EDFEB /* SceneDelegate.swift in Sources */,
				04E4478127B31F41002EDFEB /* MovieCell.swift in Sources */,
				04E4477D27B31CF7002EDFEB /* MoviesViewController.swift in Sources */,
			);
			runOnlyForDeploymentPostprocessing = 0;
		};
		04E4475B27B31AAA002EDFEB /* Sources */ = {
			isa = PBXSourcesBuildPhase;
			buildActionMask = 2147483647;
			files = (
				04E4476427B31AAA002EDFEB /* FlixTests.swift in Sources */,
			);
			runOnlyForDeploymentPostprocessing = 0;
		};
		04E4476527B31AAA002EDFEB /* Sources */ = {
			isa = PBXSourcesBuildPhase;
			buildActionMask = 2147483647;
			files = (
				04E4476E27B31AAA002EDFEB /* FlixUITests.swift in Sources */,
				04E4477027B31AAA002EDFEB /* FlixUITestsLaunchTests.swift in Sources */,
			);
			runOnlyForDeploymentPostprocessing = 0;
		};
/* End PBXSourcesBuildPhase section */

/* Begin PBXTargetDependency section */
		04E4476127B31AAA002EDFEB /* PBXTargetDependency */ = {
			isa = PBXTargetDependency;
			target = 04E4474827B31AA3002EDFEB /* Flix */;
			targetProxy = 04E4476027B31AAA002EDFEB /* PBXContainerItemProxy */;
		};
		04E4476B27B31AAA002EDFEB /* PBXTargetDependency */ = {
			isa = PBXTargetDependency;
			target = 04E4474827B31AA3002EDFEB /* Flix */;
			targetProxy = 04E4476A27B31AAA002EDFEB /* PBXContainerItemProxy */;
		};
/* End PBXTargetDependency section */

/* Begin PBXVariantGroup section */
		04E4475227B31AA4002EDFEB /* Main.storyboard */ = {
			isa = PBXVariantGroup;
			children = (
				04E4475327B31AA4002EDFEB /* Base */,
			);
			name = Main.storyboard;
			sourceTree = "<group>";
		};
		04E4475727B31AA9002EDFEB /* LaunchScreen.storyboard */ = {
			isa = PBXVariantGroup;
			children = (
				04E4475827B31AA9002EDFEB /* Base */,
			);
			name = LaunchScreen.storyboard;
			sourceTree = "<group>";
		};
/* End PBXVariantGroup section */

/* Begin XCBuildConfiguration section */
		04E4477127B31AAA002EDFEB /* Debug */ = {
			isa = XCBuildConfiguration;
			buildSettings = {
				ALWAYS_SEARCH_USER_PATHS = NO;
				CLANG_ANALYZER_NONNULL = YES;
				CLANG_ANALYZER_NUMBER_OBJECT_CONVERSION = YES_AGGRESSIVE;
				CLANG_CXX_LANGUAGE_STANDARD = "gnu++17";
				CLANG_CXX_LIBRARY = "libc++";
				CLANG_ENABLE_MODULES = YES;
				CLANG_ENABLE_OBJC_ARC = YES;
				CLANG_ENABLE_OBJC_WEAK = YES;
				CLANG_WARN_BLOCK_CAPTURE_AUTORELEASING = YES;
				CLANG_WARN_BOOL_CONVERSION = YES;
				CLANG_WARN_COMMA = YES;
				CLANG_WARN_CONSTANT_CONVERSION = YES;
				CLANG_WARN_DEPRECATED_OBJC_IMPLEMENTATIONS = YES;
				CLANG_WARN_DIRECT_OBJC_ISA_USAGE = YES_ERROR;
				CLANG_WARN_DOCUMENTATION_COMMENTS = YES;
				CLANG_WARN_EMPTY_BODY = YES;
				CLANG_WARN_ENUM_CONVERSION = YES;
				CLANG_WARN_INFINITE_RECURSION = YES;
				CLANG_WARN_INT_CONVERSION = YES;
				CLANG_WARN_NON_LITERAL_NULL_CONVERSION = YES;
				CLANG_WARN_OBJC_IMPLICIT_RETAIN_SELF = YES;
				CLANG_WARN_OBJC_LITERAL_CONVERSION = YES;
				CLANG_WARN_OBJC_ROOT_CLASS = YES_ERROR;
				CLANG_WARN_QUOTED_INCLUDE_IN_FRAMEWORK_HEADER = YES;
				CLANG_WARN_RANGE_LOOP_ANALYSIS = YES;
				CLANG_WARN_STRICT_PROTOTYPES = YES;
				CLANG_WARN_SUSPICIOUS_MOVE = YES;
				CLANG_WARN_UNGUARDED_AVAILABILITY = YES_AGGRESSIVE;
				CLANG_WARN_UNREACHABLE_CODE = YES;
				CLANG_WARN__DUPLICATE_METHOD_MATCH = YES;
				COPY_PHASE_STRIP = NO;
				DEBUG_INFORMATION_FORMAT = dwarf;
				ENABLE_STRICT_OBJC_MSGSEND = YES;
				ENABLE_TESTABILITY = YES;
				GCC_C_LANGUAGE_STANDARD = gnu11;
				GCC_DYNAMIC_NO_PIC = NO;
				GCC_NO_COMMON_BLOCKS = YES;
				GCC_OPTIMIZATION_LEVEL = 0;
				GCC_PREPROCESSOR_DEFINITIONS = (
					"DEBUG=1",
					"$(inherited)",
				);
				GCC_WARN_64_TO_32_BIT_CONVERSION = YES;
				GCC_WARN_ABOUT_RETURN_TYPE = YES_ERROR;
				GCC_WARN_UNDECLARED_SELECTOR = YES;
				GCC_WARN_UNINITIALIZED_AUTOS = YES_AGGRESSIVE;
				GCC_WARN_UNUSED_FUNCTION = YES;
				GCC_WARN_UNUSED_VARIABLE = YES;
				IPHONEOS_DEPLOYMENT_TARGET = 15.2;
				MTL_ENABLE_DEBUG_INFO = INCLUDE_SOURCE;
				MTL_FAST_MATH = YES;
				ONLY_ACTIVE_ARCH = YES;
				SDKROOT = iphoneos;
				SWIFT_ACTIVE_COMPILATION_CONDITIONS = DEBUG;
				SWIFT_OPTIMIZATION_LEVEL = "-Onone";
			};
			name = Debug;
		};
		04E4477227B31AAA002EDFEB /* Release */ = {
			isa = XCBuildConfiguration;
			buildSettings = {
				ALWAYS_SEARCH_USER_PATHS = NO;
				CLANG_ANALYZER_NONNULL = YES;
				CLANG_ANALYZER_NUMBER_OBJECT_CONVERSION = YES_AGGRESSIVE;
				CLANG_CXX_LANGUAGE_STANDARD = "gnu++17";
				CLANG_CXX_LIBRARY = "libc++";
				CLANG_ENABLE_MODULES = YES;
				CLANG_ENABLE_OBJC_ARC = YES;
				CLANG_ENABLE_OBJC_WEAK = YES;
				CLANG_WARN_BLOCK_CAPTURE_AUTORELEASING = YES;
				CLANG_WARN_BOOL_CONVERSION = YES;
				CLANG_WARN_COMMA = YES;
				CLANG_WARN_CONSTANT_CONVERSION = YES;
				CLANG_WARN_DEPRECATED_OBJC_IMPLEMENTATIONS = YES;
				CLANG_WARN_DIRECT_OBJC_ISA_USAGE = YES_ERROR;
				CLANG_WARN_DOCUMENTATION_COMMENTS = YES;
				CLANG_WARN_EMPTY_BODY = YES;
				CLANG_WARN_ENUM_CONVERSION = YES;
				CLANG_WARN_INFINITE_RECURSION = YES;
				CLANG_WARN_INT_CONVERSION = YES;
				CLANG_WARN_NON_LITERAL_NULL_CONVERSION = YES;
				CLANG_WARN_OBJC_IMPLICIT_RETAIN_SELF = YES;
				CLANG_WARN_OBJC_LITERAL_CONVERSION = YES;
				CLANG_WARN_OBJC_ROOT_CLASS = YES_ERROR;
				CLANG_WARN_QUOTED_INCLUDE_IN_FRAMEWORK_HEADER = YES;
				CLANG_WARN_RANGE_LOOP_ANALYSIS = YES;
				CLANG_WARN_STRICT_PROTOTYPES = YES;
				CLANG_WARN_SUSPICIOUS_MOVE = YES;
				CLANG_WARN_UNGUARDED_AVAILABILITY = YES_AGGRESSIVE;
				CLANG_WARN_UNREACHABLE_CODE = YES;
				CLANG_WARN__DUPLICATE_METHOD_MATCH = YES;
				COPY_PHASE_STRIP = NO;
				DEBUG_INFORMATION_FORMAT = "dwarf-with-dsym";
				ENABLE_NS_ASSERTIONS = NO;
				ENABLE_STRICT_OBJC_MSGSEND = YES;
				GCC_C_LANGUAGE_STANDARD = gnu11;
				GCC_NO_COMMON_BLOCKS = YES;
				GCC_WARN_64_TO_32_BIT_CONVERSION = YES;
				GCC_WARN_ABOUT_RETURN_TYPE = YES_ERROR;
				GCC_WARN_UNDECLARED_SELECTOR = YES;
				GCC_WARN_UNINITIALIZED_AUTOS = YES_AGGRESSIVE;
				GCC_WARN_UNUSED_FUNCTION = YES;
				GCC_WARN_UNUSED_VARIABLE = YES;
				IPHONEOS_DEPLOYMENT_TARGET = 15.2;
				MTL_ENABLE_DEBUG_INFO = NO;
				MTL_FAST_MATH = YES;
				SDKROOT = iphoneos;
				SWIFT_COMPILATION_MODE = wholemodule;
				SWIFT_OPTIMIZATION_LEVEL = "-O";
				VALIDATE_PRODUCT = YES;
			};
			name = Release;
		};
		04E4477427B31AAA002EDFEB /* Debug */ = {
			isa = XCBuildConfiguration;
			baseConfigurationReference = B95117B6F0B4CCB1BF16FEED /* Pods-Flix.debug.xcconfig */;
			buildSettings = {
				ASSETCATALOG_COMPILER_APPICON_NAME = AppIcon;
				ASSETCATALOG_COMPILER_GLOBAL_ACCENT_COLOR_NAME = AccentColor;
				CODE_SIGN_STYLE = Automatic;
				CURRENT_PROJECT_VERSION = 1;
				DEVELOPMENT_TEAM = T73X95WD35;
				GENERATE_INFOPLIST_FILE = YES;
				INFOPLIST_FILE = Flix/Info.plist;
				INFOPLIST_KEY_UIApplicationSupportsIndirectInputEvents = YES;
				INFOPLIST_KEY_UILaunchStoryboardName = LaunchScreen;
				INFOPLIST_KEY_UIMainStoryboardFile = Main;
				INFOPLIST_KEY_UISupportedInterfaceOrientations_iPad = "UIInterfaceOrientationPortrait UIInterfaceOrientationPortraitUpsideDown UIInterfaceOrientationLandscapeLeft UIInterfaceOrientationLandscapeRight";
				INFOPLIST_KEY_UISupportedInterfaceOrientations_iPhone = "UIInterfaceOrientationPortrait UIInterfaceOrientationLandscapeLeft UIInterfaceOrientationLandscapeRight";
				LD_RUNPATH_SEARCH_PATHS = (
					"$(inherited)",
					"@executable_path/Frameworks",
				);
				MARKETING_VERSION = 1.0;
				PRODUCT_BUNDLE_IDENTIFIER = CodePath.Flix;
				PRODUCT_NAME = "$(TARGET_NAME)";
				SWIFT_EMIT_LOC_STRINGS = YES;
				SWIFT_VERSION = 5.0;
				TARGETED_DEVICE_FAMILY = "1,2";
			};
			name = Debug;
		};
		04E4477527B31AAA002EDFEB /* Release */ = {
			isa = XCBuildConfiguration;
			baseConfigurationReference = A2CDDF72EC608FAB9690F19D /* Pods-Flix.release.xcconfig */;
			buildSettings = {
				ASSETCATALOG_COMPILER_APPICON_NAME = AppIcon;
				ASSETCATALOG_COMPILER_GLOBAL_ACCENT_COLOR_NAME = AccentColor;
				CODE_SIGN_STYLE = Automatic;
				CURRENT_PROJECT_VERSION = 1;
				DEVELOPMENT_TEAM = T73X95WD35;
				GENERATE_INFOPLIST_FILE = YES;
				INFOPLIST_FILE = Flix/Info.plist;
				INFOPLIST_KEY_UIApplicationSupportsIndirectInputEvents = YES;
				INFOPLIST_KEY_UILaunchStoryboardName = LaunchScreen;
				INFOPLIST_KEY_UIMainStoryboardFile = Main;
				INFOPLIST_KEY_UISupportedInterfaceOrientations_iPad = "UIInterfaceOrientationPortrait UIInterfaceOrientationPortraitUpsideDown UIInterfaceOrientationLandscapeLeft UIInterfaceOrientationLandscapeRight";
				INFOPLIST_KEY_UISupportedInterfaceOrientations_iPhone = "UIInterfaceOrientationPortrait UIInterfaceOrientationLandscapeLeft UIInterfaceOrientationLandscapeRight";
				LD_RUNPATH_SEARCH_PATHS = (
					"$(inherited)",
					"@executable_path/Frameworks",
				);
				MARKETING_VERSION = 1.0;
				PRODUCT_BUNDLE_IDENTIFIER = CodePath.Flix;
				PRODUCT_NAME = "$(TARGET_NAME)";
				SWIFT_EMIT_LOC_STRINGS = YES;
				SWIFT_VERSION = 5.0;
				TARGETED_DEVICE_FAMILY = "1,2";
			};
			name = Release;
		};
		04E4477727B31AAA002EDFEB /* Debug */ = {
			isa = XCBuildConfiguration;
			baseConfigurationReference = 50BE610949571BCF7069A30F /* Pods-FlixTests.debug.xcconfig */;
			buildSettings = {
				ALWAYS_EMBED_SWIFT_STANDARD_LIBRARIES = YES;
				BUNDLE_LOADER = "$(TEST_HOST)";
				CODE_SIGN_STYLE = Automatic;
				CURRENT_PROJECT_VERSION = 1;
				DEVELOPMENT_TEAM = T73X95WD35;
				GENERATE_INFOPLIST_FILE = YES;
				IPHONEOS_DEPLOYMENT_TARGET = 15.2;
				MARKETING_VERSION = 1.0;
				PRODUCT_BUNDLE_IDENTIFIER = CodePath.FlixTests;
				PRODUCT_NAME = "$(TARGET_NAME)";
				SWIFT_EMIT_LOC_STRINGS = NO;
				SWIFT_VERSION = 5.0;
				TARGETED_DEVICE_FAMILY = "1,2";
				TEST_HOST = "$(BUILT_PRODUCTS_DIR)/Flix.app/Flix";
			};
			name = Debug;
		};
		04E4477827B31AAA002EDFEB /* Release */ = {
			isa = XCBuildConfiguration;
			baseConfigurationReference = 23EADD560646E9DF6923F226 /* Pods-FlixTests.release.xcconfig */;
			buildSettings = {
				ALWAYS_EMBED_SWIFT_STANDARD_LIBRARIES = YES;
				BUNDLE_LOADER = "$(TEST_HOST)";
				CODE_SIGN_STYLE = Automatic;
				CURRENT_PROJECT_VERSION = 1;
				DEVELOPMENT_TEAM = T73X95WD35;
				GENERATE_INFOPLIST_FILE = YES;
				IPHONEOS_DEPLOYMENT_TARGET = 15.2;
				MARKETING_VERSION = 1.0;
				PRODUCT_BUNDLE_IDENTIFIER = CodePath.FlixTests;
				PRODUCT_NAME = "$(TARGET_NAME)";
				SWIFT_EMIT_LOC_STRINGS = NO;
				SWIFT_VERSION = 5.0;
				TARGETED_DEVICE_FAMILY = "1,2";
				TEST_HOST = "$(BUILT_PRODUCTS_DIR)/Flix.app/Flix";
			};
			name = Release;
		};
		04E4477A27B31AAA002EDFEB /* Debug */ = {
			isa = XCBuildConfiguration;
			baseConfigurationReference = 1AB87FEF787833190606DAAF /* Pods-Flix-FlixUITests.debug.xcconfig */;
			buildSettings = {
				ALWAYS_EMBED_SWIFT_STANDARD_LIBRARIES = YES;
				CODE_SIGN_STYLE = Automatic;
				CURRENT_PROJECT_VERSION = 1;
				DEVELOPMENT_TEAM = T73X95WD35;
				GENERATE_INFOPLIST_FILE = YES;
				MARKETING_VERSION = 1.0;
				PRODUCT_BUNDLE_IDENTIFIER = CodePath.FlixUITests;
				PRODUCT_NAME = "$(TARGET_NAME)";
				SWIFT_EMIT_LOC_STRINGS = NO;
				SWIFT_VERSION = 5.0;
				TARGETED_DEVICE_FAMILY = "1,2";
				TEST_TARGET_NAME = Flix;
			};
			name = Debug;
		};
		04E4477B27B31AAA002EDFEB /* Release */ = {
			isa = XCBuildConfiguration;
			baseConfigurationReference = 710D9440BF80913C3BF2CF78 /* Pods-Flix-FlixUITests.release.xcconfig */;
			buildSettings = {
				ALWAYS_EMBED_SWIFT_STANDARD_LIBRARIES = YES;
				CODE_SIGN_STYLE = Automatic;
				CURRENT_PROJECT_VERSION = 1;
				DEVELOPMENT_TEAM = T73X95WD35;
				GENERATE_INFOPLIST_FILE = YES;
				MARKETING_VERSION = 1.0;
				PRODUCT_BUNDLE_IDENTIFIER = CodePath.FlixUITests;
				PRODUCT_NAME = "$(TARGET_NAME)";
				SWIFT_EMIT_LOC_STRINGS = NO;
				SWIFT_VERSION = 5.0;
				TARGETED_DEVICE_FAMILY = "1,2";
				TEST_TARGET_NAME = Flix;
			};
			name = Release;
		};
/* End XCBuildConfiguration section */

/* Begin XCConfigurationList section */
		04E4474427B31AA3002EDFEB /* Build configuration list for PBXProject "Flix" */ = {
			isa = XCConfigurationList;
			buildConfigurations = (
				04E4477127B31AAA002EDFEB /* Debug */,
				04E4477227B31AAA002EDFEB /* Release */,
			);
			defaultConfigurationIsVisible = 0;
			defaultConfigurationName = Release;
		};
		04E4477327B31AAA002EDFEB /* Build configuration list for PBXNativeTarget "Flix" */ = {
			isa = XCConfigurationList;
			buildConfigurations = (
				04E4477427B31AAA002EDFEB /* Debug */,
				04E4477527B31AAA002EDFEB /* Release */,
			);
			defaultConfigurationIsVisible = 0;
			defaultConfigurationName = Release;
		};
		04E4477627B31AAA002EDFEB /* Build configuration list for PBXNativeTarget "FlixTests" */ = {
			isa = XCConfigurationList;
			buildConfigurations = (
				04E4477727B31AAA002EDFEB /* Debug */,
				04E4477827B31AAA002EDFEB /* Release */,
			);
			defaultConfigurationIsVisible = 0;
			defaultConfigurationName = Release;
		};
		04E4477927B31AAA002EDFEB /* Build configuration list for PBXNativeTarget "FlixUITests" */ = {
			isa = XCConfigurationList;
			buildConfigurations = (
				04E4477A27B31AAA002EDFEB /* Debug */,
				04E4477B27B31AAA002EDFEB /* Release */,
			);
			defaultConfigurationIsVisible = 0;
			defaultConfigurationName = Release;
		};
/* End XCConfigurationList section */
	};
	rootObject = 04E4474127B31AA3002EDFEB /* Project object */;
}
